// !$*UTF8*$!
{
	archiveVersion = 1;
	classes = {
	};
	objectVersion = 46;
	objects = {

/* Begin PBXBuildFile section */
		5C11881D168A97280016AF81 /* DocumentHelper.m in Sources */ = {isa = PBXBuildFile; fileRef = 5C11881C168A97280016AF81 /* DocumentHelper.m */; };
		5C11881E168A97280016AF81 /* DocumentHelper.m in Sources */ = {isa = PBXBuildFile; fileRef = 5C11881C168A97280016AF81 /* DocumentHelper.m */; };
		5C11882A168A97B80016AF81 /* MBPModel.xcdatamodel in Sources */ = {isa = PBXBuildFile; fileRef = 5C118821168A97B80016AF81 /* MBPModel.xcdatamodel */; };
		5C11882B168A97B80016AF81 /* MBPModel.xcdatamodel in Sources */ = {isa = PBXBuildFile; fileRef = 5C118821168A97B80016AF81 /* MBPModel.xcdatamodel */; };
		5C11882C168A97B80016AF81 /* Saving.m in Sources */ = {isa = PBXBuildFile; fileRef = 5C118823168A97B80016AF81 /* Saving.m */; };
		5C11882D168A97B80016AF81 /* Saving.m in Sources */ = {isa = PBXBuildFile; fileRef = 5C118823168A97B80016AF81 /* Saving.m */; };
		5C11882E168A97B80016AF81 /* Spending.m in Sources */ = {isa = PBXBuildFile; fileRef = 5C118825168A97B80016AF81 /* Spending.m */; };
		5C11882F168A97B80016AF81 /* Spending.m in Sources */ = {isa = PBXBuildFile; fileRef = 5C118825168A97B80016AF81 /* Spending.m */; };
		5C118830168A97B80016AF81 /* Saving+Budget.m in Sources */ = {isa = PBXBuildFile; fileRef = 5C118827168A97B80016AF81 /* Saving+Budget.m */; };
		5C118831168A97B80016AF81 /* Saving+Budget.m in Sources */ = {isa = PBXBuildFile; fileRef = 5C118827168A97B80016AF81 /* Saving+Budget.m */; };
		5C118832168A97B80016AF81 /* Spending+Budget.m in Sources */ = {isa = PBXBuildFile; fileRef = 5C118829168A97B80016AF81 /* Spending+Budget.m */; };
		5C118833168A97B80016AF81 /* Spending+Budget.m in Sources */ = {isa = PBXBuildFile; fileRef = 5C118829168A97B80016AF81 /* Spending+Budget.m */; };
		5C118835168A9AC80016AF81 /* CoreData.framework in Frameworks */ = {isa = PBXBuildFile; fileRef = 5C118834168A9AC80016AF81 /* CoreData.framework */; };
		5C68B27B168AB04900BA661A /* QPHistoryTableViewController.m in Sources */ = {isa = PBXBuildFile; fileRef = 5C68B27A168AB04900BA661A /* QPHistoryTableViewController.m */; };
		5C68B27C168AB04900BA661A /* QPHistoryTableViewController.m in Sources */ = {isa = PBXBuildFile; fileRef = 5C68B27A168AB04900BA661A /* QPHistoryTableViewController.m */; };
		5CB411F3162BE0F900C89577 /* IMG_1247.jpg in Resources */ = {isa = PBXBuildFile; fileRef = 5CB411F2162BE0F900C89577 /* IMG_1247.jpg */; };
		5CBBD133162B3EC0000D545B /* IMG_0202.jpg in Resources */ = {isa = PBXBuildFile; fileRef = 5CBBD132162B3EC0000D545B /* IMG_0202.jpg */; };
		5CCDFE5116212A2700FFE77D /* UIKit.framework in Frameworks */ = {isa = PBXBuildFile; fileRef = 5CCDFE5016212A2700FFE77D /* UIKit.framework */; };
		5CCDFE5316212A2700FFE77D /* Foundation.framework in Frameworks */ = {isa = PBXBuildFile; fileRef = 5CCDFE5216212A2700FFE77D /* Foundation.framework */; };
		5CCDFE5516212A2700FFE77D /* CoreGraphics.framework in Frameworks */ = {isa = PBXBuildFile; fileRef = 5CCDFE5416212A2700FFE77D /* CoreGraphics.framework */; };
		5CCDFE5B16212A2800FFE77D /* InfoPlist.strings in Resources */ = {isa = PBXBuildFile; fileRef = 5CCDFE5916212A2800FFE77D /* InfoPlist.strings */; };
		5CCDFE5D16212A2800FFE77D /* main.m in Sources */ = {isa = PBXBuildFile; fileRef = 5CCDFE5C16212A2800FFE77D /* main.m */; };
		5CCDFE6116212A2800FFE77D /* QuickPlanerAppDelegate.m in Sources */ = {isa = PBXBuildFile; fileRef = 5CCDFE6016212A2800FFE77D /* QuickPlanerAppDelegate.m */; };
		5CCDFE6316212A2800FFE77D /* Default.png in Resources */ = {isa = PBXBuildFile; fileRef = 5CCDFE6216212A2800FFE77D /* Default.png */; };
		5CCDFE6516212A2800FFE77D /* Default@2x.png in Resources */ = {isa = PBXBuildFile; fileRef = 5CCDFE6416212A2800FFE77D /* Default@2x.png */; };
		5CCDFE6716212A2800FFE77D /* Default-568h@2x.png in Resources */ = {isa = PBXBuildFile; fileRef = 5CCDFE6616212A2800FFE77D /* Default-568h@2x.png */; };
		5CCDFE6A16212A2800FFE77D /* MainStoryboard_iPhone.storyboard in Resources */ = {isa = PBXBuildFile; fileRef = 5CCDFE6816212A2800FFE77D /* MainStoryboard_iPhone.storyboard */; };
		5CCDFE6D16212A2800FFE77D /* MainStoryboard_iPad.storyboard in Resources */ = {isa = PBXBuildFile; fileRef = 5CCDFE6B16212A2800FFE77D /* MainStoryboard_iPad.storyboard */; };
		5CCDFE7816212A2800FFE77D /* SenTestingKit.framework in Frameworks */ = {isa = PBXBuildFile; fileRef = 5CCDFE7716212A2800FFE77D /* SenTestingKit.framework */; };
		5CCDFE7916212A2800FFE77D /* UIKit.framework in Frameworks */ = {isa = PBXBuildFile; fileRef = 5CCDFE5016212A2700FFE77D /* UIKit.framework */; };
		5CCDFE7A16212A2800FFE77D /* Foundation.framework in Frameworks */ = {isa = PBXBuildFile; fileRef = 5CCDFE5216212A2700FFE77D /* Foundation.framework */; };
		5CCDFE8216212A2800FFE77D /* InfoPlist.strings in Resources */ = {isa = PBXBuildFile; fileRef = 5CCDFE8016212A2800FFE77D /* InfoPlist.strings */; };
		5CCDFE8516212A2800FFE77D /* QuickPlanerTests.m in Sources */ = {isa = PBXBuildFile; fileRef = 5CCDFE8416212A2800FFE77D /* QuickPlanerTests.m */; };
		5CE1D42D16212B3E00BE14BE /* CNV000013 (1).jpg in Resources */ = {isa = PBXBuildFile; fileRef = 5CE1D42C16212B3E00BE14BE /* CNV000013 (1).jpg */; };
		5CE1D43116212B5900BE14BE /* QPViewController.m in Sources */ = {isa = PBXBuildFile; fileRef = 5CE1D43016212B5900BE14BE /* QPViewController.m */; };
/* End PBXBuildFile section */

/* Begin PBXContainerItemProxy section */
		5CCDFE7B16212A2800FFE77D /* PBXContainerItemProxy */ = {
			isa = PBXContainerItemProxy;
			containerPortal = 5CCDFE4316212A2700FFE77D /* Project object */;
			proxyType = 1;
			remoteGlobalIDString = 5CCDFE4B16212A2700FFE77D;
			remoteInfo = QuickPlaner;
		};
/* End PBXContainerItemProxy section */

/* Begin PBXFileReference section */
		5C11881B168A97280016AF81 /* DocumentHelper.h */ = {isa = PBXFileReference; fileEncoding = 4; lastKnownFileType = sourcecode.c.h; path = DocumentHelper.h; sourceTree = "<group>"; };
		5C11881C168A97280016AF81 /* DocumentHelper.m */ = {isa = PBXFileReference; fileEncoding = 4; lastKnownFileType = sourcecode.c.objc; path = DocumentHelper.m; sourceTree = "<group>"; };
		5C118821168A97B80016AF81 /* MBPModel.xcdatamodel */ = {isa = PBXFileReference; lastKnownFileType = wrapper.xcdatamodel; path = MBPModel.xcdatamodel; sourceTree = "<group>"; };
		5C118822168A97B80016AF81 /* Saving.h */ = {isa = PBXFileReference; fileEncoding = 4; lastKnownFileType = sourcecode.c.h; path = Saving.h; sourceTree = "<group>"; };
		5C118823168A97B80016AF81 /* Saving.m */ = {isa = PBXFileReference; fileEncoding = 4; lastKnownFileType = sourcecode.c.objc; path = Saving.m; sourceTree = "<group>"; };
		5C118824168A97B80016AF81 /* Spending.h */ = {isa = PBXFileReference; fileEncoding = 4; lastKnownFileType = sourcecode.c.h; path = Spending.h; sourceTree = "<group>"; };
		5C118825168A97B80016AF81 /* Spending.m */ = {isa = PBXFileReference; fileEncoding = 4; lastKnownFileType = sourcecode.c.objc; path = Spending.m; sourceTree = "<group>"; };
		5C118826168A97B80016AF81 /* Saving+Budget.h */ = {isa = PBXFileReference; fileEncoding = 4; lastKnownFileType = sourcecode.c.h; path = "Saving+Budget.h"; sourceTree = "<group>"; };
		5C118827168A97B80016AF81 /* Saving+Budget.m */ = {isa = PBXFileReference; fileEncoding = 4; lastKnownFileType = sourcecode.c.objc; path = "Saving+Budget.m"; sourceTree = "<group>"; };
		5C118828168A97B80016AF81 /* Spending+Budget.h */ = {isa = PBXFileReference; fileEncoding = 4; lastKnownFileType = sourcecode.c.h; path = "Spending+Budget.h"; sourceTree = "<group>"; };
		5C118829168A97B80016AF81 /* Spending+Budget.m */ = {isa = PBXFileReference; fileEncoding = 4; lastKnownFileType = sourcecode.c.objc; path = "Spending+Budget.m"; sourceTree = "<group>"; };
		5C118834168A9AC80016AF81 /* CoreData.framework */ = {isa = PBXFileReference; lastKnownFileType = wrapper.framework; name = CoreData.framework; path = System/Library/Frameworks/CoreData.framework; sourceTree = SDKROOT; };
		5C68B279168AB04900BA661A /* QPHistoryTableViewController.h */ = {isa = PBXFileReference; fileEncoding = 4; lastKnownFileType = sourcecode.c.h; path = QPHistoryTableViewController.h; sourceTree = "<group>"; };
		5C68B27A168AB04900BA661A /* QPHistoryTableViewController.m */ = {isa = PBXFileReference; fileEncoding = 4; lastKnownFileType = sourcecode.c.objc; path = QPHistoryTableViewController.m; sourceTree = "<group>"; };
		5CB411F2162BE0F900C89577 /* IMG_1247.jpg */ = {isa = PBXFileReference; lastKnownFileType = image.jpeg; path = IMG_1247.jpg; sourceTree = "<group>"; };
		5CBBD132162B3EC0000D545B /* IMG_0202.jpg */ = {isa = PBXFileReference; lastKnownFileType = image.jpeg; path = IMG_0202.jpg; sourceTree = "<group>"; };
		5CCDFE4C16212A2700FFE77D /* QuickPlaner.app */ = {isa = PBXFileReference; explicitFileType = wrapper.application; includeInIndex = 0; path = QuickPlaner.app; sourceTree = BUILT_PRODUCTS_DIR; };
		5CCDFE5016212A2700FFE77D /* UIKit.framework */ = {isa = PBXFileReference; lastKnownFileType = wrapper.framework; name = UIKit.framework; path = System/Library/Frameworks/UIKit.framework; sourceTree = SDKROOT; };
		5CCDFE5216212A2700FFE77D /* Foundation.framework */ = {isa = PBXFileReference; lastKnownFileType = wrapper.framework; name = Foundation.framework; path = System/Library/Frameworks/Foundation.framework; sourceTree = SDKROOT; };
		5CCDFE5416212A2700FFE77D /* CoreGraphics.framework */ = {isa = PBXFileReference; lastKnownFileType = wrapper.framework; name = CoreGraphics.framework; path = System/Library/Frameworks/CoreGraphics.framework; sourceTree = SDKROOT; };
		5CCDFE5816212A2700FFE77D /* QuickPlaner-Info.plist */ = {isa = PBXFileReference; lastKnownFileType = text.plist.xml; path = "QuickPlaner-Info.plist"; sourceTree = "<group>"; };
		5CCDFE5A16212A2800FFE77D /* en */ = {isa = PBXFileReference; lastKnownFileType = text.plist.strings; name = en; path = en.lproj/InfoPlist.strings; sourceTree = "<group>"; };
		5CCDFE5C16212A2800FFE77D /* main.m */ = {isa = PBXFileReference; lastKnownFileType = sourcecode.c.objc; path = main.m; sourceTree = "<group>"; };
		5CCDFE5E16212A2800FFE77D /* QuickPlaner-Prefix.pch */ = {isa = PBXFileReference; lastKnownFileType = sourcecode.c.h; path = "QuickPlaner-Prefix.pch"; sourceTree = "<group>"; };
		5CCDFE5F16212A2800FFE77D /* QuickPlanerAppDelegate.h */ = {isa = PBXFileReference; lastKnownFileType = sourcecode.c.h; path = QuickPlanerAppDelegate.h; sourceTree = "<group>"; };
		5CCDFE6016212A2800FFE77D /* QuickPlanerAppDelegate.m */ = {isa = PBXFileReference; lastKnownFileType = sourcecode.c.objc; path = QuickPlanerAppDelegate.m; sourceTree = "<group>"; };
		5CCDFE6216212A2800FFE77D /* Default.png */ = {isa = PBXFileReference; lastKnownFileType = image.png; path = Default.png; sourceTree = "<group>"; };
		5CCDFE6416212A2800FFE77D /* Default@2x.png */ = {isa = PBXFileReference; lastKnownFileType = image.png; path = "Default@2x.png"; sourceTree = "<group>"; };
		5CCDFE6616212A2800FFE77D /* Default-568h@2x.png */ = {isa = PBXFileReference; lastKnownFileType = image.png; path = "Default-568h@2x.png"; sourceTree = "<group>"; };
		5CCDFE6916212A2800FFE77D /* en */ = {isa = PBXFileReference; lastKnownFileType = file.storyboard; name = en; path = en.lproj/MainStoryboard_iPhone.storyboard; sourceTree = "<group>"; };
		5CCDFE6C16212A2800FFE77D /* en */ = {isa = PBXFileReference; lastKnownFileType = file.storyboard; name = en; path = en.lproj/MainStoryboard_iPad.storyboard; sourceTree = "<group>"; };
		5CCDFE7616212A2800FFE77D /* QuickPlanerTests.octest */ = {isa = PBXFileReference; explicitFileType = wrapper.cfbundle; includeInIndex = 0; path = QuickPlanerTests.octest; sourceTree = BUILT_PRODUCTS_DIR; };
		5CCDFE7716212A2800FFE77D /* SenTestingKit.framework */ = {isa = PBXFileReference; lastKnownFileType = wrapper.framework; name = SenTestingKit.framework; path = Library/Frameworks/SenTestingKit.framework; sourceTree = DEVELOPER_DIR; };
		5CCDFE7F16212A2800FFE77D /* QuickPlanerTests-Info.plist */ = {isa = PBXFileReference; lastKnownFileType = text.plist.xml; path = "QuickPlanerTests-Info.plist"; sourceTree = "<group>"; };
		5CCDFE8116212A2800FFE77D /* en */ = {isa = PBXFileReference; lastKnownFileType = text.plist.strings; name = en; path = en.lproj/InfoPlist.strings; sourceTree = "<group>"; };
		5CCDFE8316212A2800FFE77D /* QuickPlanerTests.h */ = {isa = PBXFileReference; lastKnownFileType = sourcecode.c.h; path = QuickPlanerTests.h; sourceTree = "<group>"; };
		5CCDFE8416212A2800FFE77D /* QuickPlanerTests.m */ = {isa = PBXFileReference; lastKnownFileType = sourcecode.c.objc; path = QuickPlanerTests.m; sourceTree = "<group>"; };
		5CE1D42C16212B3E00BE14BE /* CNV000013 (1).jpg */ = {isa = PBXFileReference; lastKnownFileType = image.jpeg; path = "CNV000013 (1).jpg"; sourceTree = "<group>"; };
		5CE1D42F16212B5900BE14BE /* QPViewController.h */ = {isa = PBXFileReference; fileEncoding = 4; lastKnownFileType = sourcecode.c.h; path = QPViewController.h; sourceTree = "<group>"; };
		5CE1D43016212B5900BE14BE /* QPViewController.m */ = {isa = PBXFileReference; fileEncoding = 4; lastKnownFileType = sourcecode.c.objc; path = QPViewController.m; sourceTree = "<group>"; };
/* End PBXFileReference section */

/* Begin PBXFrameworksBuildPhase section */
		5CCDFE4916212A2700FFE77D /* Frameworks */ = {
			isa = PBXFrameworksBuildPhase;
			buildActionMask = 2147483647;
			files = (
				5C118835168A9AC80016AF81 /* CoreData.framework in Frameworks */,
				5CCDFE5116212A2700FFE77D /* UIKit.framework in Frameworks */,
				5CCDFE5316212A2700FFE77D /* Foundation.framework in Frameworks */,
				5CCDFE5516212A2700FFE77D /* CoreGraphics.framework in Frameworks */,
			);
			runOnlyForDeploymentPostprocessing = 0;
		};
		5CCDFE7216212A2800FFE77D /* Frameworks */ = {
			isa = PBXFrameworksBuildPhase;
			buildActionMask = 2147483647;
			files = (
				5CCDFE7816212A2800FFE77D /* SenTestingKit.framework in Frameworks */,
				5CCDFE7916212A2800FFE77D /* UIKit.framework in Frameworks */,
				5CCDFE7A16212A2800FFE77D /* Foundation.framework in Frameworks */,
			);
			runOnlyForDeploymentPostprocessing = 0;
		};
/* End PBXFrameworksBuildPhase section */

/* Begin PBXGroup section */
		5C118820168A97A60016AF81 /* CoreData */ = {
			isa = PBXGroup;
			children = (
				5C118821168A97B80016AF81 /* MBPModel.xcdatamodel */,
				5C118822168A97B80016AF81 /* Saving.h */,
				5C118823168A97B80016AF81 /* Saving.m */,
				5C118824168A97B80016AF81 /* Spending.h */,
				5C118825168A97B80016AF81 /* Spending.m */,
				5C118826168A97B80016AF81 /* Saving+Budget.h */,
				5C118827168A97B80016AF81 /* Saving+Budget.m */,
				5C118828168A97B80016AF81 /* Spending+Budget.h */,
				5C118829168A97B80016AF81 /* Spending+Budget.m */,
			);
			name = CoreData;
			sourceTree = "<group>";
		};
		5CCDFE4116212A2700FFE77D = {
			isa = PBXGroup;
			children = (
				5CCDFE5616212A2700FFE77D /* QuickPlaner */,
				5CCDFE7D16212A2800FFE77D /* QuickPlanerTests */,
				5CCDFE4F16212A2700FFE77D /* Frameworks */,
				5CCDFE4D16212A2700FFE77D /* Products */,
			);
			sourceTree = "<group>";
		};
		5CCDFE4D16212A2700FFE77D /* Products */ = {
			isa = PBXGroup;
			children = (
				5CCDFE4C16212A2700FFE77D /* QuickPlaner.app */,
				5CCDFE7616212A2800FFE77D /* QuickPlanerTests.octest */,
			);
			name = Products;
			sourceTree = "<group>";
		};
		5CCDFE4F16212A2700FFE77D /* Frameworks */ = {
			isa = PBXGroup;
			children = (
				5C118834168A9AC80016AF81 /* CoreData.framework */,
				5CCDFE5016212A2700FFE77D /* UIKit.framework */,
				5CCDFE5216212A2700FFE77D /* Foundation.framework */,
				5CCDFE5416212A2700FFE77D /* CoreGraphics.framework */,
				5CCDFE7716212A2800FFE77D /* SenTestingKit.framework */,
			);
			name = Frameworks;
			sourceTree = "<group>";
		};
		5CCDFE5616212A2700FFE77D /* QuickPlaner */ = {
			isa = PBXGroup;
			children = (
				5CCDFE6816212A2800FFE77D /* MainStoryboard_iPhone.storyboard */,
				5CCDFE6B16212A2800FFE77D /* MainStoryboard_iPad.storyboard */,
				5C68B279168AB04900BA661A /* QPHistoryTableViewController.h */,
				5C68B27A168AB04900BA661A /* QPHistoryTableViewController.m */,
				5CE1D42F16212B5900BE14BE /* QPViewController.h */,
				5CE1D43016212B5900BE14BE /* QPViewController.m */,
				5C11881B168A97280016AF81 /* DocumentHelper.h */,
				5C11881C168A97280016AF81 /* DocumentHelper.m */,
				5C118820168A97A60016AF81 /* CoreData */,
				5CCDFE5716212A2700FFE77D /* Supporting Files */,
			);
			path = QuickPlaner;
			sourceTree = "<group>";
		};
		5CCDFE5716212A2700FFE77D /* Supporting Files */ = {
			isa = PBXGroup;
			children = (
				5CBBD132162B3EC0000D545B /* IMG_0202.jpg */,
				5CB411F2162BE0F900C89577 /* IMG_1247.jpg */,
				5CE1D42C16212B3E00BE14BE /* CNV000013 (1).jpg */,
				5CCDFE5F16212A2800FFE77D /* QuickPlanerAppDelegate.h */,
				5CCDFE6016212A2800FFE77D /* QuickPlanerAppDelegate.m */,
				5CCDFE5816212A2700FFE77D /* QuickPlaner-Info.plist */,
				5CCDFE5916212A2800FFE77D /* InfoPlist.strings */,
				5CCDFE5C16212A2800FFE77D /* main.m */,
				5CCDFE5E16212A2800FFE77D /* QuickPlaner-Prefix.pch */,
				5CCDFE6216212A2800FFE77D /* Default.png */,
				5CCDFE6416212A2800FFE77D /* Default@2x.png */,
				5CCDFE6616212A2800FFE77D /* Default-568h@2x.png */,
			);
			name = "Supporting Files";
			sourceTree = "<group>";
		};
		5CCDFE7D16212A2800FFE77D /* QuickPlanerTests */ = {
			isa = PBXGroup;
			children = (
				5CCDFE8316212A2800FFE77D /* QuickPlanerTests.h */,
				5CCDFE8416212A2800FFE77D /* QuickPlanerTests.m */,
				5CCDFE7E16212A2800FFE77D /* Supporting Files */,
			);
			path = QuickPlanerTests;
			sourceTree = "<group>";
		};
		5CCDFE7E16212A2800FFE77D /* Supporting Files */ = {
			isa = PBXGroup;
			children = (
				5CCDFE7F16212A2800FFE77D /* QuickPlanerTests-Info.plist */,
				5CCDFE8016212A2800FFE77D /* InfoPlist.strings */,
			);
			name = "Supporting Files";
			sourceTree = "<group>";
		};
/* End PBXGroup section */

/* Begin PBXNativeTarget section */
		5CCDFE4B16212A2700FFE77D /* QuickPlaner */ = {
			isa = PBXNativeTarget;
			buildConfigurationList = 5CCDFE8816212A2800FFE77D /* Build configuration list for PBXNativeTarget "QuickPlaner" */;
			buildPhases = (
				5CCDFE4816212A2700FFE77D /* Sources */,
				5CCDFE4916212A2700FFE77D /* Frameworks */,
				5CCDFE4A16212A2700FFE77D /* Resources */,
			);
			buildRules = (
			);
			dependencies = (
			);
			name = QuickPlaner;
			productName = QuickPlaner;
			productReference = 5CCDFE4C16212A2700FFE77D /* QuickPlaner.app */;
			productType = "com.apple.product-type.application";
		};
		5CCDFE7516212A2800FFE77D /* QuickPlanerTests */ = {
			isa = PBXNativeTarget;
			buildConfigurationList = 5CCDFE8B16212A2800FFE77D /* Build configuration list for PBXNativeTarget "QuickPlanerTests" */;
			buildPhases = (
				5CCDFE7116212A2800FFE77D /* Sources */,
				5CCDFE7216212A2800FFE77D /* Frameworks */,
				5CCDFE7316212A2800FFE77D /* Resources */,
				5CCDFE7416212A2800FFE77D /* ShellScript */,
			);
			buildRules = (
			);
			dependencies = (
				5CCDFE7C16212A2800FFE77D /* PBXTargetDependency */,
			);
			name = QuickPlanerTests;
			productName = QuickPlanerTests;
			productReference = 5CCDFE7616212A2800FFE77D /* QuickPlanerTests.octest */;
			productType = "com.apple.product-type.bundle";
		};
/* End PBXNativeTarget section */

/* Begin PBXProject section */
		5CCDFE4316212A2700FFE77D /* Project object */ = {
			isa = PBXProject;
			attributes = {
				CLASSPREFIX = QuickPlaner;
				LastUpgradeCheck = 0450;
				ORGANIZATIONNAME = "Zixiao Wang";
			};
			buildConfigurationList = 5CCDFE4616212A2700FFE77D /* Build configuration list for PBXProject "QuickPlaner" */;
			compatibilityVersion = "Xcode 3.2";
			developmentRegion = English;
			hasScannedForEncodings = 0;
			knownRegions = (
				en,
			);
			mainGroup = 5CCDFE4116212A2700FFE77D;
			productRefGroup = 5CCDFE4D16212A2700FFE77D /* Products */;
			projectDirPath = "";
			projectRoot = "";
			targets = (
				5CCDFE4B16212A2700FFE77D /* QuickPlaner */,
				5CCDFE7516212A2800FFE77D /* QuickPlanerTests */,
			);
		};
/* End PBXProject section */

/* Begin PBXResourcesBuildPhase section */
		5CCDFE4A16212A2700FFE77D /* Resources */ = {
			isa = PBXResourcesBuildPhase;
			buildActionMask = 2147483647;
			files = (
				5CCDFE5B16212A2800FFE77D /* InfoPlist.strings in Resources */,
				5CCDFE6316212A2800FFE77D /* Default.png in Resources */,
				5CCDFE6516212A2800FFE77D /* Default@2x.png in Resources */,
				5CCDFE6716212A2800FFE77D /* Default-568h@2x.png in Resources */,
				5CCDFE6A16212A2800FFE77D /* MainStoryboard_iPhone.storyboard in Resources */,
				5CCDFE6D16212A2800FFE77D /* MainStoryboard_iPad.storyboard in Resources */,
				5CE1D42D16212B3E00BE14BE /* CNV000013 (1).jpg in Resources */,
				5CBBD133162B3EC0000D545B /* IMG_0202.jpg in Resources */,
				5CB411F3162BE0F900C89577 /* IMG_1247.jpg in Resources */,
			);
			runOnlyForDeploymentPostprocessing = 0;
		};
		5CCDFE7316212A2800FFE77D /* Resources */ = {
			isa = PBXResourcesBuildPhase;
			buildActionMask = 2147483647;
			files = (
				5CCDFE8216212A2800FFE77D /* InfoPlist.strings in Resources */,
			);
			runOnlyForDeploymentPostprocessing = 0;
		};
/* End PBXResourcesBuildPhase section */

/* Begin PBXShellScriptBuildPhase section */
		5CCDFE7416212A2800FFE77D /* ShellScript */ = {
			isa = PBXShellScriptBuildPhase;
			buildActionMask = 2147483647;
			files = (
			);
			inputPaths = (
			);
			outputPaths = (
			);
			runOnlyForDeploymentPostprocessing = 0;
			shellPath = /bin/sh;
			shellScript = "# Run the unit tests in this test bundle.\n\"${SYSTEM_DEVELOPER_DIR}/Tools/RunUnitTests\"\n";
		};
/* End PBXShellScriptBuildPhase section */

/* Begin PBXSourcesBuildPhase section */
		5CCDFE4816212A2700FFE77D /* Sources */ = {
			isa = PBXSourcesBuildPhase;
			buildActionMask = 2147483647;
			files = (
				5CCDFE5D16212A2800FFE77D /* main.m in Sources */,
				5CCDFE6116212A2800FFE77D /* QuickPlanerAppDelegate.m in Sources */,
				5CE1D43116212B5900BE14BE /* QPViewController.m in Sources */,
				5C11881D168A97280016AF81 /* DocumentHelper.m in Sources */,
				5C11882A168A97B80016AF81 /* MBPModel.xcdatamodel in Sources */,
				5C11882C168A97B80016AF81 /* Saving.m in Sources */,
				5C11882E168A97B80016AF81 /* Spending.m in Sources */,
				5C118830168A97B80016AF81 /* Saving+Budget.m in Sources */,
				5C118832168A97B80016AF81 /* Spending+Budget.m in Sources */,
				5C68B27B168AB04900BA661A /* QPHistoryTableViewController.m in Sources */,
			);
			runOnlyForDeploymentPostprocessing = 0;
		};
		5CCDFE7116212A2800FFE77D /* Sources */ = {
			isa = PBXSourcesBuildPhase;
			buildActionMask = 2147483647;
			files = (
				5CCDFE8516212A2800FFE77D /* QuickPlanerTests.m in Sources */,
				5C11881E168A97280016AF81 /* DocumentHelper.m in Sources */,
				5C11882B168A97B80016AF81 /* MBPModel.xcdatamodel in Sources */,
				5C11882D168A97B80016AF81 /* Saving.m in Sources */,
				5C11882F168A97B80016AF81 /* Spending.m in Sources */,
				5C118831168A97B80016AF81 /* Saving+Budget.m in Sources */,
				5C118833168A97B80016AF81 /* Spending+Budget.m in Sources */,
				5C68B27C168AB04900BA661A /* QPHistoryTableViewController.m in Sources */,
			);
			runOnlyForDeploymentPostprocessing = 0;
		};
/* End PBXSourcesBuildPhase section */

/* Begin PBXTargetDependency section */
		5CCDFE7C16212A2800FFE77D /* PBXTargetDependency */ = {
			isa = PBXTargetDependency;
			target = 5CCDFE4B16212A2700FFE77D /* QuickPlaner */;
			targetProxy = 5CCDFE7B16212A2800FFE77D /* PBXContainerItemProxy */;
		};
/* End PBXTargetDependency section */

/* Begin PBXVariantGroup section */
		5CCDFE5916212A2800FFE77D /* InfoPlist.strings */ = {
			isa = PBXVariantGroup;
			children = (
				5CCDFE5A16212A2800FFE77D /* en */,
			);
			name = InfoPlist.strings;
			sourceTree = "<group>";
		};
		5CCDFE6816212A2800FFE77D /* MainStoryboard_iPhone.storyboard */ = {
			isa = PBXVariantGroup;
			children = (
				5CCDFE6916212A2800FFE77D /* en */,
			);
			name = MainStoryboard_iPhone.storyboard;
			sourceTree = "<group>";
		};
		5CCDFE6B16212A2800FFE77D /* MainStoryboard_iPad.storyboard */ = {
			isa = PBXVariantGroup;
			children = (
				5CCDFE6C16212A2800FFE77D /* en */,
			);
			name = MainStoryboard_iPad.storyboard;
			sourceTree = "<group>";
		};
		5CCDFE8016212A2800FFE77D /* InfoPlist.strings */ = {
			isa = PBXVariantGroup;
			children = (
				5CCDFE8116212A2800FFE77D /* en */,
			);
			name = InfoPlist.strings;
			sourceTree = "<group>";
		};
/* End PBXVariantGroup section */

/* Begin XCBuildConfiguration section */
		5CCDFE8616212A2800FFE77D /* Debug */ = {
			isa = XCBuildConfiguration;
			buildSettings = {
				ALWAYS_SEARCH_USER_PATHS = NO;
				CLANG_CXX_LANGUAGE_STANDARD = "gnu++0x";
				CLANG_CXX_LIBRARY = "libc++";
				CLANG_ENABLE_OBJC_ARC = YES;
				CLANG_WARN_EMPTY_BODY = YES;
				CLANG_WARN__DUPLICATE_METHOD_MATCH = YES;
				"CODE_SIGN_IDENTITY[sdk=iphoneos*]" = "iPhone Developer";
				COPY_PHASE_STRIP = NO;
				GCC_C_LANGUAGE_STANDARD = gnu99;
				GCC_DYNAMIC_NO_PIC = NO;
				GCC_OPTIMIZATION_LEVEL = 0;
				GCC_PREPROCESSOR_DEFINITIONS = (
					"DEBUG=1",
					"$(inherited)",
				);
				GCC_SYMBOLS_PRIVATE_EXTERN = NO;
				GCC_WARN_ABOUT_RETURN_TYPE = YES;
				GCC_WARN_UNINITIALIZED_AUTOS = YES;
				GCC_WARN_UNUSED_VARIABLE = YES;
				IPHONEOS_DEPLOYMENT_TARGET = 6.0;
				SDKROOT = iphoneos;
				TARGETED_DEVICE_FAMILY = "1,2";
			};
			name = Debug;
		};
		5CCDFE8716212A2800FFE77D /* Release */ = {
			isa = XCBuildConfiguration;
			buildSettings = {
				ALWAYS_SEARCH_USER_PATHS = NO;
				CLANG_CXX_LANGUAGE_STANDARD = "gnu++0x";
				CLANG_CXX_LIBRARY = "libc++";
				CLANG_ENABLE_OBJC_ARC = YES;
				CLANG_WARN_EMPTY_BODY = YES;
				CLANG_WARN__DUPLICATE_METHOD_MATCH = YES;
				"CODE_SIGN_IDENTITY[sdk=iphoneos*]" = "iPhone Developer";
				COPY_PHASE_STRIP = YES;
				GCC_C_LANGUAGE_STANDARD = gnu99;
				GCC_WARN_ABOUT_RETURN_TYPE = YES;
				GCC_WARN_UNINITIALIZED_AUTOS = YES;
				GCC_WARN_UNUSED_VARIABLE = YES;
				IPHONEOS_DEPLOYMENT_TARGET = 6.0;
				OTHER_CFLAGS = "-DNS_BLOCK_ASSERTIONS=1";
				SDKROOT = iphoneos;
				TARGETED_DEVICE_FAMILY = "1,2";
				VALIDATE_PRODUCT = YES;
			};
			name = Release;
		};
		5CCDFE8916212A2800FFE77D /* Debug */ = {
			isa = XCBuildConfiguration;
			buildSettings = {
				GCC_PRECOMPILE_PREFIX_HEADER = YES;
				GCC_PREFIX_HEADER = "QuickPlaner/QuickPlaner-Prefix.pch";
				INFOPLIST_FILE = "QuickPlaner/QuickPlaner-Info.plist";
				PRODUCT_NAME = "$(TARGET_NAME)";
				WRAPPER_EXTENSION = app;
			};
			name = Debug;
		};
		5CCDFE8A16212A2800FFE77D /* Release */ = {
			isa = XCBuildConfiguration;
			buildSettings = {
				GCC_PRECOMPILE_PREFIX_HEADER = YES;
				GCC_PREFIX_HEADER = "QuickPlaner/QuickPlaner-Prefix.pch";
				INFOPLIST_FILE = "QuickPlaner/QuickPlaner-Info.plist";
				PRODUCT_NAME = "$(TARGET_NAME)";
				WRAPPER_EXTENSION = app;
			};
			name = Release;
		};
		5CCDFE8C16212A2800FFE77D /* Debug */ = {
			isa = XCBuildConfiguration;
			buildSettings = {
				BUNDLE_LOADER = "$(BUILT_PRODUCTS_DIR)/QuickPlaner.app/QuickPlaner";
				FRAMEWORK_SEARCH_PATHS = (
					"\"$(SDKROOT)/Developer/Library/Frameworks\"",
					"\"$(DEVELOPER_LIBRARY_DIR)/Frameworks\"",
				);
				GCC_PRECOMPILE_PREFIX_HEADER = YES;
				GCC_PREFIX_HEADER = "QuickPlaner/QuickPlaner-Prefix.pch";
				INFOPLIST_FILE = "QuickPlanerTests/QuickPlanerTests-Info.plist";
				PRODUCT_NAME = "$(TARGET_NAME)";
				TEST_HOST = "$(BUNDLE_LOADER)";
				WRAPPER_EXTENSION = octest;
			};
			name = Debug;
		};
		5CCDFE8D16212A2800FFE77D /* Release */ = {
			isa = XCBuildConfiguration;
			buildSettings = {
				BUNDLE_LOADER = "$(BUILT_PRODUCTS_DIR)/QuickPlaner.app/QuickPlaner";
				FRAMEWORK_SEARCH_PATHS = (
					"\"$(SDKROOT)/Developer/Library/Frameworks\"",
					"\"$(DEVELOPER_LIBRARY_DIR)/Frameworks\"",
				);
				GCC_PRECOMPILE_PREFIX_HEADER = YES;
				GCC_PREFIX_HEADER = "QuickPlaner/QuickPlaner-Prefix.pch";
				INFOPLIST_FILE = "QuickPlanerTests/QuickPlanerTests-Info.plist";
				PRODUCT_NAME = "$(TARGET_NAME)";
				TEST_HOST = "$(BUNDLE_LOADER)";
				WRAPPER_EXTENSION = octest;
			};
			name = Release;
		};
/* End XCBuildConfiguration section */

/* Begin XCConfigurationList section */
		5CCDFE4616212A2700FFE77D /* Build configuration list for PBXProject "QuickPlaner" */ = {
			isa = XCConfigurationList;
			buildConfigurations = (
				5CCDFE8616212A2800FFE77D /* Debug */,
				5CCDFE8716212A2800FFE77D /* Release */,
			);
			defaultConfigurationIsVisible = 0;
			defaultConfigurationName = Release;
		};
		5CCDFE8816212A2800FFE77D /* Build configuration list for PBXNativeTarget "QuickPlaner" */ = {
			isa = XCConfigurationList;
			buildConfigurations = (
				5CCDFE8916212A2800FFE77D /* Debug */,
				5CCDFE8A16212A2800FFE77D /* Release */,
			);
			defaultConfigurationIsVisible = 0;
			defaultConfigurationName = Release;
		};
		5CCDFE8B16212A2800FFE77D /* Build configuration list for PBXNativeTarget "QuickPlanerTests" */ = {
			isa = XCConfigurationList;
			buildConfigurations = (
				5CCDFE8C16212A2800FFE77D /* Debug */,
				5CCDFE8D16212A2800FFE77D /* Release */,
			);
			defaultConfigurationIsVisible = 0;
			defaultConfigurationName = Release;
		};
/* End XCConfigurationList section */
	};
	rootObject = 5CCDFE4316212A2700FFE77D /* Project object */;
}
