// !$*UTF8*$!
{
	archiveVersion = 1;
	classes = {
	};
	objectVersion = 46;
	objects = {

/* Begin PBXBuildFile section */
		5C11881D168A97280016AF81 /* DocumentHelper.m in Sources */ = {isa = PBXBuildFile; fileRef = 5C11881C168A97280016AF81 /* DocumentHelper.m */; };
		5C11881E168A97280016AF81 /* DocumentHelper.m in Sources */ = {isa = PBXBuildFile; fileRef = 5C11881C168A97280016AF81 /* DocumentHelper.m */; };
		5C11882A168A97B80016AF81 /* MBPModel.xcdatamodel in Sources */ = {isa = PBXBuildFile; fileRef = 5C118821168A97B80016AF81 /* MBPModel.xcdatamodel */; };
		5C11882B168A97B80016AF81 /* MBPModel.xcdatamodel in Sources */ = {isa = PBXBuildFile; fileRef = 5C118821168A97B80016AF81 /* MBPModel.xcdatamodel */; };
		5C118830168A97B80016AF81 /* Saving+Budget.m in Sources */ = {isa = PBXBuildFile; fileRef = 5C118827168A97B80016AF81 /* Saving+Budget.m */; };
		5C118831168A97B80016AF81 /* Saving+Budget.m in Sources */ = {isa = PBXBuildFile; fileRef = 5C118827168A97B80016AF81 /* Saving+Budget.m */; };
		5C118832168A97B80016AF81 /* Spending+Budget.m in Sources */ = {isa = PBXBuildFile; fileRef = 5C118829168A97B80016AF81 /* Spending+Budget.m */; };
		5C118833168A97B80016AF81 /* Spending+Budget.m in Sources */ = {isa = PBXBuildFile; fileRef = 5C118829168A97B80016AF81 /* Spending+Budget.m */; };
		5C118835168A9AC80016AF81 /* CoreData.framework in Frameworks */ = {isa = PBXBuildFile; fileRef = 5C118834168A9AC80016AF81 /* CoreData.framework */; };
		5C572A741691303D006D1A17 /* logo@2x.png in Resources */ = {isa = PBXBuildFile; fileRef = 5C572A731691303D006D1A17 /* logo@2x.png */; };
		5C572A7716913043006D1A17 /* logo.png in Resources */ = {isa = PBXBuildFile; fileRef = 5C572A7616913043006D1A17 /* logo.png */; };
		5C572A7B16913259006D1A17 /* Default.png in Resources */ = {isa = PBXBuildFile; fileRef = 5C572A7816913259006D1A17 /* Default.png */; };
		5C572A7C16913259006D1A17 /* Default-568h@2x.png in Resources */ = {isa = PBXBuildFile; fileRef = 5C572A7916913259006D1A17 /* Default-568h@2x.png */; };
		5C572A7D16913259006D1A17 /* Default@2x.png in Resources */ = {isa = PBXBuildFile; fileRef = 5C572A7A16913259006D1A17 /* Default@2x.png */; };
		5C68B27B168AB04900BA661A /* QPHistoryTableViewController.m in Sources */ = {isa = PBXBuildFile; fileRef = 5C68B27A168AB04900BA661A /* QPHistoryTableViewController.m */; };
		5C68B27C168AB04900BA661A /* QPHistoryTableViewController.m in Sources */ = {isa = PBXBuildFile; fileRef = 5C68B27A168AB04900BA661A /* QPHistoryTableViewController.m */; };
		5C799A141690133B004C6407 /* CoreDataTableViewController.m in Sources */ = {isa = PBXBuildFile; fileRef = 5C799A131690133B004C6407 /* CoreDataTableViewController.m */; };
		5C799A151690133B004C6407 /* CoreDataTableViewController.m in Sources */ = {isa = PBXBuildFile; fileRef = 5C799A131690133B004C6407 /* CoreDataTableViewController.m */; };
		5C799A18169013AB004C6407 /* QPSavingTableViewController.m in Sources */ = {isa = PBXBuildFile; fileRef = 5C799A17169013AB004C6407 /* QPSavingTableViewController.m */; };
		5C799A19169013AB004C6407 /* QPSavingTableViewController.m in Sources */ = {isa = PBXBuildFile; fileRef = 5C799A17169013AB004C6407 /* QPSavingTableViewController.m */; };
		5C799A1C169013CE004C6407 /* QPSpendingTableViewController.m in Sources */ = {isa = PBXBuildFile; fileRef = 5C799A1B169013CE004C6407 /* QPSpendingTableViewController.m */; };
		5C799A1D169013CE004C6407 /* QPSpendingTableViewController.m in Sources */ = {isa = PBXBuildFile; fileRef = 5C799A1B169013CE004C6407 /* QPSpendingTableViewController.m */; };
		5C799A2816903236004C6407 /* Saving.m in Sources */ = {isa = PBXBuildFile; fileRef = 5C799A2716903236004C6407 /* Saving.m */; };
		5C799A2916903236004C6407 /* Saving.m in Sources */ = {isa = PBXBuildFile; fileRef = 5C799A2716903236004C6407 /* Saving.m */; };
		5C799A2C16903236004C6407 /* Spending.m in Sources */ = {isa = PBXBuildFile; fileRef = 5C799A2B16903236004C6407 /* Spending.m */; };
		5C799A2D16903236004C6407 /* Spending.m in Sources */ = {isa = PBXBuildFile; fileRef = 5C799A2B16903236004C6407 /* Spending.m */; };
		5C799A3F16905ABE004C6407 /* digit_button.png in Resources */ = {isa = PBXBuildFile; fileRef = 5C799A3D16905ABE004C6407 /* digit_button.png */; };
		5C799A4016905ABE004C6407 /* digit_button.png in Resources */ = {isa = PBXBuildFile; fileRef = 5C799A3D16905ABE004C6407 /* digit_button.png */; };
		5C799A4116905ABE004C6407 /* digit_button@2x.png in Resources */ = {isa = PBXBuildFile; fileRef = 5C799A3E16905ABE004C6407 /* digit_button@2x.png */; };
		5C799A4216905ABE004C6407 /* digit_button@2x.png in Resources */ = {isa = PBXBuildFile; fileRef = 5C799A3E16905ABE004C6407 /* digit_button@2x.png */; };
		5C799A4516905C69004C6407 /* enter_button.png in Resources */ = {isa = PBXBuildFile; fileRef = 5C799A4316905C69004C6407 /* enter_button.png */; };
		5C799A4616905C69004C6407 /* enter_button.png in Resources */ = {isa = PBXBuildFile; fileRef = 5C799A4316905C69004C6407 /* enter_button.png */; };
		5C799A4716905C69004C6407 /* enter_button@2x.png in Resources */ = {isa = PBXBuildFile; fileRef = 5C799A4416905C69004C6407 /* enter_button@2x.png */; };
		5C799A4816905C69004C6407 /* enter_button@2x.png in Resources */ = {isa = PBXBuildFile; fileRef = 5C799A4416905C69004C6407 /* enter_button@2x.png */; };
		5C7BBB1D16B3366500A5F106 /* QPSpendingDetailTableViewController.m in Sources */ = {isa = PBXBuildFile; fileRef = 5C7BBB1C16B3366500A5F106 /* QPSpendingDetailTableViewController.m */; };
		5C7BBB1E16B3366500A5F106 /* QPSpendingDetailTableViewController.m in Sources */ = {isa = PBXBuildFile; fileRef = 5C7BBB1C16B3366500A5F106 /* QPSpendingDetailTableViewController.m */; };
		5CCDFE5116212A2700FFE77D /* UIKit.framework in Frameworks */ = {isa = PBXBuildFile; fileRef = 5CCDFE5016212A2700FFE77D /* UIKit.framework */; };
		5CCDFE5316212A2700FFE77D /* Foundation.framework in Frameworks */ = {isa = PBXBuildFile; fileRef = 5CCDFE5216212A2700FFE77D /* Foundation.framework */; };
		5CCDFE5516212A2700FFE77D /* CoreGraphics.framework in Frameworks */ = {isa = PBXBuildFile; fileRef = 5CCDFE5416212A2700FFE77D /* CoreGraphics.framework */; };
		5CCDFE5B16212A2800FFE77D /* InfoPlist.strings in Resources */ = {isa = PBXBuildFile; fileRef = 5CCDFE5916212A2800FFE77D /* InfoPlist.strings */; };
		5CCDFE5D16212A2800FFE77D /* main.m in Sources */ = {isa = PBXBuildFile; fileRef = 5CCDFE5C16212A2800FFE77D /* main.m */; };
		5CCDFE6116212A2800FFE77D /* QuickPlanerAppDelegate.m in Sources */ = {isa = PBXBuildFile; fileRef = 5CCDFE6016212A2800FFE77D /* QuickPlanerAppDelegate.m */; };
		5CCDFE6A16212A2800FFE77D /* MainStoryboard_iPhone.storyboard in Resources */ = {isa = PBXBuildFile; fileRef = 5CCDFE6816212A2800FFE77D /* MainStoryboard_iPhone.storyboard */; };
		5CCDFE6D16212A2800FFE77D /* MainStoryboard_iPad.storyboard in Resources */ = {isa = PBXBuildFile; fileRef = 5CCDFE6B16212A2800FFE77D /* MainStoryboard_iPad.storyboard */; };
		5CCDFE7816212A2800FFE77D /* SenTestingKit.framework in Frameworks */ = {isa = PBXBuildFile; fileRef = 5CCDFE7716212A2800FFE77D /* SenTestingKit.framework */; };
		5CCDFE7916212A2800FFE77D /* UIKit.framework in Frameworks */ = {isa = PBXBuildFile; fileRef = 5CCDFE5016212A2700FFE77D /* UIKit.framework */; };
		5CCDFE7A16212A2800FFE77D /* Foundation.framework in Frameworks */ = {isa = PBXBuildFile; fileRef = 5CCDFE5216212A2700FFE77D /* Foundation.framework */; };
		5CCDFE8216212A2800FFE77D /* InfoPlist.strings in Resources */ = {isa = PBXBuildFile; fileRef = 5CCDFE8016212A2800FFE77D /* InfoPlist.strings */; };
		5CCDFE8516212A2800FFE77D /* QuickPlanerTests.m in Sources */ = {isa = PBXBuildFile; fileRef = 5CCDFE8416212A2800FFE77D /* QuickPlanerTests.m */; };
		5CE1D43116212B5900BE14BE /* QPViewController.m in Sources */ = {isa = PBXBuildFile; fileRef = 5CE1D43016212B5900BE14BE /* QPViewController.m */; };
		5CEA599016A88B2800E732D2 /* QPSavingDetailTableViewController.m in Sources */ = {isa = PBXBuildFile; fileRef = 5CEA598F16A88B2800E732D2 /* QPSavingDetailTableViewController.m */; };
/* End PBXBuildFile section */

/* Begin PBXContainerItemProxy section */
		5CCDFE7B16212A2800FFE77D /* PBXContainerItemProxy */ = {
			isa = PBXContainerItemProxy;
			containerPortal = 5CCDFE4316212A2700FFE77D /* Project object */;
			proxyType = 1;
			remoteGlobalIDString = 5CCDFE4B16212A2700FFE77D;
			remoteInfo = QuickPlaner;
		};
/* End PBXContainerItemProxy section */

/* Begin PBXFileReference section */
		5C0CAE3C169562B400FA8FB7 /* zh-Hans */ = {isa = PBXFileReference; lastKnownFileType = file.storyboard; name = "zh-Hans"; path = "zh-Hans.lproj/MainStoryboard_iPhone.storyboard"; sourceTree = "<group>"; };
		5C0CAE3D169562B400FA8FB7 /* zh-Hans */ = {isa = PBXFileReference; lastKnownFileType = file.storyboard; name = "zh-Hans"; path = "zh-Hans.lproj/MainStoryboard_iPad.storyboard"; sourceTree = "<group>"; };
		5C0CAE3E169562B400FA8FB7 /* zh-Hans */ = {isa = PBXFileReference; lastKnownFileType = text.plist.strings; name = "zh-Hans"; path = "zh-Hans.lproj/InfoPlist.strings"; sourceTree = "<group>"; };
		5C0CAE3F169562B400FA8FB7 /* zh-Hans */ = {isa = PBXFileReference; lastKnownFileType = text.plist.strings; name = "zh-Hans"; path = "zh-Hans.lproj/InfoPlist.strings"; sourceTree = "<group>"; };
		5C11881B168A97280016AF81 /* DocumentHelper.h */ = {isa = PBXFileReference; fileEncoding = 4; lastKnownFileType = sourcecode.c.h; path = DocumentHelper.h; sourceTree = "<group>"; };
		5C11881C168A97280016AF81 /* DocumentHelper.m */ = {isa = PBXFileReference; fileEncoding = 4; lastKnownFileType = sourcecode.c.objc; path = DocumentHelper.m; sourceTree = "<group>"; };
		5C118821168A97B80016AF81 /* MBPModel.xcdatamodel */ = {isa = PBXFileReference; lastKnownFileType = wrapper.xcdatamodel; path = MBPModel.xcdatamodel; sourceTree = "<group>"; };
		5C118826168A97B80016AF81 /* Saving+Budget.h */ = {isa = PBXFileReference; fileEncoding = 4; lastKnownFileType = sourcecode.c.h; path = "Saving+Budget.h"; sourceTree = "<group>"; };
		5C118827168A97B80016AF81 /* Saving+Budget.m */ = {isa = PBXFileReference; fileEncoding = 4; lastKnownFileType = sourcecode.c.objc; path = "Saving+Budget.m"; sourceTree = "<group>"; };
		5C118828168A97B80016AF81 /* Spending+Budget.h */ = {isa = PBXFileReference; fileEncoding = 4; lastKnownFileType = sourcecode.c.h; path = "Spending+Budget.h"; sourceTree = "<group>"; };
		5C118829168A97B80016AF81 /* Spending+Budget.m */ = {isa = PBXFileReference; fileEncoding = 4; lastKnownFileType = sourcecode.c.objc; path = "Spending+Budget.m"; sourceTree = "<group>"; };
		5C118834168A9AC80016AF81 /* CoreData.framework */ = {isa = PBXFileReference; lastKnownFileType = wrapper.framework; name = CoreData.framework; path = System/Library/Frameworks/CoreData.framework; sourceTree = SDKROOT; };
		5C377255169EA7260098FEBC /* QuickPlaner copy-Info.plist */ = {isa = PBXFileReference; lastKnownFileType = text.plist.xml; name = "QuickPlaner copy-Info.plist"; path = "/Users/zixiao/Dropbox/xcode developer/Personal Projects/QuickPlaner/QuickPlaner copy-Info.plist"; sourceTree = "<absolute>"; };
		5C572A731691303D006D1A17 /* logo@2x.png */ = {isa = PBXFileReference; lastKnownFileType = image.png; name = "logo@2x.png"; path = "../logo@2x.png"; sourceTree = "<group>"; };
		5C572A7616913043006D1A17 /* logo.png */ = {isa = PBXFileReference; lastKnownFileType = image.png; name = logo.png; path = ../logo.png; sourceTree = "<group>"; };
		5C572A7816913259006D1A17 /* Default.png */ = {isa = PBXFileReference; lastKnownFileType = image.png; path = Default.png; sourceTree = "<group>"; };
		5C572A7916913259006D1A17 /* Default-568h@2x.png */ = {isa = PBXFileReference; lastKnownFileType = image.png; path = "Default-568h@2x.png"; sourceTree = "<group>"; };
		5C572A7A16913259006D1A17 /* Default@2x.png */ = {isa = PBXFileReference; lastKnownFileType = image.png; path = "Default@2x.png"; sourceTree = "<group>"; };
		5C68B279168AB04900BA661A /* QPHistoryTableViewController.h */ = {isa = PBXFileReference; fileEncoding = 4; lastKnownFileType = sourcecode.c.h; path = QPHistoryTableViewController.h; sourceTree = "<group>"; };
		5C68B27A168AB04900BA661A /* QPHistoryTableViewController.m */ = {isa = PBXFileReference; fileEncoding = 4; lastKnownFileType = sourcecode.c.objc; path = QPHistoryTableViewController.m; sourceTree = "<group>"; };
		5C799A121690133B004C6407 /* CoreDataTableViewController.h */ = {isa = PBXFileReference; fileEncoding = 4; lastKnownFileType = sourcecode.c.h; path = CoreDataTableViewController.h; sourceTree = "<group>"; };
		5C799A131690133B004C6407 /* CoreDataTableViewController.m */ = {isa = PBXFileReference; fileEncoding = 4; lastKnownFileType = sourcecode.c.objc; path = CoreDataTableViewController.m; sourceTree = "<group>"; };
		5C799A16169013AB004C6407 /* QPSavingTableViewController.h */ = {isa = PBXFileReference; fileEncoding = 4; lastKnownFileType = sourcecode.c.h; path = QPSavingTableViewController.h; sourceTree = "<group>"; };
		5C799A17169013AB004C6407 /* QPSavingTableViewController.m */ = {isa = PBXFileReference; fileEncoding = 4; lastKnownFileType = sourcecode.c.objc; path = QPSavingTableViewController.m; sourceTree = "<group>"; };
		5C799A1A169013CE004C6407 /* QPSpendingTableViewController.h */ = {isa = PBXFileReference; fileEncoding = 4; lastKnownFileType = sourcecode.c.h; path = QPSpendingTableViewController.h; sourceTree = "<group>"; };
		5C799A1B169013CE004C6407 /* QPSpendingTableViewController.m */ = {isa = PBXFileReference; fileEncoding = 4; lastKnownFileType = sourcecode.c.objc; path = QPSpendingTableViewController.m; sourceTree = "<group>"; };
		5C799A2616903236004C6407 /* Saving.h */ = {isa = PBXFileReference; fileEncoding = 4; lastKnownFileType = sourcecode.c.h; path = Saving.h; sourceTree = "<group>"; };
		5C799A2716903236004C6407 /* Saving.m */ = {isa = PBXFileReference; fileEncoding = 4; lastKnownFileType = sourcecode.c.objc; path = Saving.m; sourceTree = "<group>"; };
		5C799A2A16903236004C6407 /* Spending.h */ = {isa = PBXFileReference; fileEncoding = 4; lastKnownFileType = sourcecode.c.h; path = Spending.h; sourceTree = "<group>"; };
		5C799A2B16903236004C6407 /* Spending.m */ = {isa = PBXFileReference; fileEncoding = 4; lastKnownFileType = sourcecode.c.objc; path = Spending.m; sourceTree = "<group>"; };
		5C799A3D16905ABE004C6407 /* digit_button.png */ = {isa = PBXFileReference; lastKnownFileType = image.png; path = digit_button.png; sourceTree = "<group>"; };
		5C799A3E16905ABE004C6407 /* digit_button@2x.png */ = {isa = PBXFileReference; lastKnownFileType = image.png; path = "digit_button@2x.png"; sourceTree = "<group>"; };
		5C799A4316905C69004C6407 /* enter_button.png */ = {isa = PBXFileReference; lastKnownFileType = image.png; path = enter_button.png; sourceTree = "<group>"; };
		5C799A4416905C69004C6407 /* enter_button@2x.png */ = {isa = PBXFileReference; lastKnownFileType = image.png; path = "enter_button@2x.png"; sourceTree = "<group>"; };
		5C7BBB1B16B3366500A5F106 /* QPSpendingDetailTableViewController.h */ = {isa = PBXFileReference; fileEncoding = 4; lastKnownFileType = sourcecode.c.h; name = QPSpendingDetailTableViewController.h; path = ../QPSpendingDetailTableViewController.h; sourceTree = "<group>"; };
		5C7BBB1C16B3366500A5F106 /* QPSpendingDetailTableViewController.m */ = {isa = PBXFileReference; fileEncoding = 4; lastKnownFileType = sourcecode.c.objc; name = QPSpendingDetailTableViewController.m; path = ../QPSpendingDetailTableViewController.m; sourceTree = "<group>"; };
		5CCDFE4C16212A2700FFE77D /* QuickTracker.app */ = {isa = PBXFileReference; explicitFileType = wrapper.application; includeInIndex = 0; path = QuickTracker.app; sourceTree = BUILT_PRODUCTS_DIR; };
		5CCDFE5016212A2700FFE77D /* UIKit.framework */ = {isa = PBXFileReference; lastKnownFileType = wrapper.framework; name = UIKit.framework; path = System/Library/Frameworks/UIKit.framework; sourceTree = SDKROOT; };
		5CCDFE5216212A2700FFE77D /* Foundation.framework */ = {isa = PBXFileReference; lastKnownFileType = wrapper.framework; name = Foundation.framework; path = System/Library/Frameworks/Foundation.framework; sourceTree = SDKROOT; };
		5CCDFE5416212A2700FFE77D /* CoreGraphics.framework */ = {isa = PBXFileReference; lastKnownFileType = wrapper.framework; name = CoreGraphics.framework; path = System/Library/Frameworks/CoreGraphics.framework; sourceTree = SDKROOT; };
		5CCDFE5816212A2700FFE77D /* QuickPlaner-Info.plist */ = {isa = PBXFileReference; lastKnownFileType = text.plist.xml; path = "QuickPlaner-Info.plist"; sourceTree = "<group>"; };
		5CCDFE5A16212A2800FFE77D /* en */ = {isa = PBXFileReference; lastKnownFileType = text.plist.strings; name = en; path = en.lproj/InfoPlist.strings; sourceTree = "<group>"; };
		5CCDFE5C16212A2800FFE77D /* main.m */ = {isa = PBXFileReference; lastKnownFileType = sourcecode.c.objc; path = main.m; sourceTree = "<group>"; };
		5CCDFE5E16212A2800FFE77D /* QuickPlaner-Prefix.pch */ = {isa = PBXFileReference; lastKnownFileType = sourcecode.c.h; path = "QuickPlaner-Prefix.pch"; sourceTree = "<group>"; };
		5CCDFE5F16212A2800FFE77D /* QuickPlanerAppDelegate.h */ = {isa = PBXFileReference; lastKnownFileType = sourcecode.c.h; path = QuickPlanerAppDelegate.h; sourceTree = "<group>"; };
		5CCDFE6016212A2800FFE77D /* QuickPlanerAppDelegate.m */ = {isa = PBXFileReference; lastKnownFileType = sourcecode.c.objc; path = QuickPlanerAppDelegate.m; sourceTree = "<group>"; };
		5CCDFE6916212A2800FFE77D /* en */ = {isa = PBXFileReference; lastKnownFileType = file.storyboard; name = en; path = en.lproj/MainStoryboard_iPhone.storyboard; sourceTree = "<group>"; };
		5CCDFE6C16212A2800FFE77D /* en */ = {isa = PBXFileReference; lastKnownFileType = file.storyboard; name = en; path = en.lproj/MainStoryboard_iPad.storyboard; sourceTree = "<group>"; };
		5CCDFE7616212A2800FFE77D /* QuickPlanerTests.octest */ = {isa = PBXFileReference; explicitFileType = wrapper.cfbundle; includeInIndex = 0; path = QuickPlanerTests.octest; sourceTree = BUILT_PRODUCTS_DIR; };
		5CCDFE7716212A2800FFE77D /* SenTestingKit.framework */ = {isa = PBXFileReference; lastKnownFileType = wrapper.framework; name = SenTestingKit.framework; path = Library/Frameworks/SenTestingKit.framework; sourceTree = DEVELOPER_DIR; };
		5CCDFE7F16212A2800FFE77D /* QuickPlanerTests-Info.plist */ = {isa = PBXFileReference; lastKnownFileType = text.plist.xml; path = "QuickPlanerTests-Info.plist"; sourceTree = "<group>"; };
		5CCDFE8116212A2800FFE77D /* en */ = {isa = PBXFileReference; lastKnownFileType = text.plist.strings; name = en; path = en.lproj/InfoPlist.strings; sourceTree = "<group>"; };
		5CCDFE8316212A2800FFE77D /* QuickPlanerTests.h */ = {isa = PBXFileReference; lastKnownFileType = sourcecode.c.h; path = QuickPlanerTests.h; sourceTree = "<group>"; };
		5CCDFE8416212A2800FFE77D /* QuickPlanerTests.m */ = {isa = PBXFileReference; lastKnownFileType = sourcecode.c.objc; path = QuickPlanerTests.m; sourceTree = "<group>"; };
		5CE1D42F16212B5900BE14BE /* QPViewController.h */ = {isa = PBXFileReference; fileEncoding = 4; lastKnownFileType = sourcecode.c.h; path = QPViewController.h; sourceTree = "<group>"; };
		5CE1D43016212B5900BE14BE /* QPViewController.m */ = {isa = PBXFileReference; fileEncoding = 4; lastKnownFileType = sourcecode.c.objc; path = QPViewController.m; sourceTree = "<group>"; };
		5CEA598E16A88B2800E732D2 /* QPSavingDetailTableViewController.h */ = {isa = PBXFileReference; fileEncoding = 4; lastKnownFileType = sourcecode.c.h; path = QPSavingDetailTableViewController.h; sourceTree = "<group>"; };
		5CEA598F16A88B2800E732D2 /* QPSavingDetailTableViewController.m */ = {isa = PBXFileReference; fileEncoding = 4; lastKnownFileType = sourcecode.c.objc; path = QPSavingDetailTableViewController.m; sourceTree = "<group>"; };
/* End PBXFileReference section */

/* Begin PBXFrameworksBuildPhase section */
		5CCDFE4916212A2700FFE77D /* Frameworks */ = {
			isa = PBXFrameworksBuildPhase;
			buildActionMask = 2147483647;
			files = (
				5C118835168A9AC80016AF81 /* CoreData.framework in Frameworks */,
				5CCDFE5116212A2700FFE77D /* UIKit.framework in Frameworks */,
				5CCDFE5316212A2700FFE77D /* Foundation.framework in Frameworks */,
				5CCDFE5516212A2700FFE77D /* CoreGraphics.framework in Frameworks */,
			);
			runOnlyForDeploymentPostprocessing = 0;
		};
		5CCDFE7216212A2800FFE77D /* Frameworks */ = {
			isa = PBXFrameworksBuildPhase;
			buildActionMask = 2147483647;
			files = (
				5CCDFE7816212A2800FFE77D /* SenTestingKit.framework in Frameworks */,
				5CCDFE7916212A2800FFE77D /* UIKit.framework in Frameworks */,
				5CCDFE7A16212A2800FFE77D /* Foundation.framework in Frameworks */,
			);
			runOnlyForDeploymentPostprocessing = 0;
		};
/* End PBXFrameworksBuildPhase section */

/* Begin PBXGroup section */
		5C118820168A97A60016AF81 /* CoreData */ = {
			isa = PBXGroup;
			children = (
				5C118821168A97B80016AF81 /* MBPModel.xcdatamodel */,
				5C799A2616903236004C6407 /* Saving.h */,
				5C799A2716903236004C6407 /* Saving.m */,
				5C799A2A16903236004C6407 /* Spending.h */,
				5C799A2B16903236004C6407 /* Spending.m */,
				5C118826168A97B80016AF81 /* Saving+Budget.h */,
				5C118827168A97B80016AF81 /* Saving+Budget.m */,
				5C118828168A97B80016AF81 /* Spending+Budget.h */,
				5C118829168A97B80016AF81 /* Spending+Budget.m */,
			);
			name = CoreData;
			sourceTree = "<group>";
		};
		5CCDFE4116212A2700FFE77D = {
			isa = PBXGroup;
			children = (
				5CCDFE5616212A2700FFE77D /* QuickPlaner */,
				5CCDFE7D16212A2800FFE77D /* QuickPlanerTests */,
				5CCDFE4F16212A2700FFE77D /* Frameworks */,
				5CCDFE4D16212A2700FFE77D /* Products */,
				5C377255169EA7260098FEBC /* QuickPlaner copy-Info.plist */,
			);
			sourceTree = "<group>";
		};
		5CCDFE4D16212A2700FFE77D /* Products */ = {
			isa = PBXGroup;
			children = (
				5CCDFE4C16212A2700FFE77D /* QuickTracker.app */,
				5CCDFE7616212A2800FFE77D /* QuickPlanerTests.octest */,
			);
			name = Products;
			sourceTree = "<group>";
		};
		5CCDFE4F16212A2700FFE77D /* Frameworks */ = {
			isa = PBXGroup;
			children = (
				5C118834168A9AC80016AF81 /* CoreData.framework */,
				5CCDFE5016212A2700FFE77D /* UIKit.framework */,
				5CCDFE5216212A2700FFE77D /* Foundation.framework */,
				5CCDFE5416212A2700FFE77D /* CoreGraphics.framework */,
				5CCDFE7716212A2800FFE77D /* SenTestingKit.framework */,
			);
			name = Frameworks;
			sourceTree = "<group>";
		};
		5CCDFE5616212A2700FFE77D /* QuickPlaner */ = {
			isa = PBXGroup;
			children = (
				5CCDFE6816212A2800FFE77D /* MainStoryboard_iPhone.storyboard */,
				5CCDFE6B16212A2800FFE77D /* MainStoryboard_iPad.storyboard */,
				5CE1D42F16212B5900BE14BE /* QPViewController.h */,
				5CE1D43016212B5900BE14BE /* QPViewController.m */,
				5C68B279168AB04900BA661A /* QPHistoryTableViewController.h */,
				5C68B27A168AB04900BA661A /* QPHistoryTableViewController.m */,
				5C799A16169013AB004C6407 /* QPSavingTableViewController.h */,
				5C799A17169013AB004C6407 /* QPSavingTableViewController.m */,
				5C799A1A169013CE004C6407 /* QPSpendingTableViewController.h */,
				5C799A1B169013CE004C6407 /* QPSpendingTableViewController.m */,
				5CEA598E16A88B2800E732D2 /* QPSavingDetailTableViewController.h */,
				5CEA598F16A88B2800E732D2 /* QPSavingDetailTableViewController.m */,
				5C7BBB1B16B3366500A5F106 /* QPSpendingDetailTableViewController.h */,
				5C7BBB1C16B3366500A5F106 /* QPSpendingDetailTableViewController.m */,
				5C118820168A97A60016AF81 /* CoreData */,
				5CCDFE5716212A2700FFE77D /* Supporting Files */,
			);
			path = QuickPlaner;
			sourceTree = "<group>";
		};
		5CCDFE5716212A2700FFE77D /* Supporting Files */ = {
			isa = PBXGroup;
			children = (
				5C572A7616913043006D1A17 /* logo.png */,
				5C572A731691303D006D1A17 /* logo@2x.png */,
				5C799A4316905C69004C6407 /* enter_button.png */,
				5C799A4416905C69004C6407 /* enter_button@2x.png */,
				5C799A3D16905ABE004C6407 /* digit_button.png */,
				5C799A3E16905ABE004C6407 /* digit_button@2x.png */,
				5C572A7816913259006D1A17 /* Default.png */,
				5C572A7916913259006D1A17 /* Default-568h@2x.png */,
				5C572A7A16913259006D1A17 /* Default@2x.png */,
				5C11881B168A97280016AF81 /* DocumentHelper.h */,
				5C11881C168A97280016AF81 /* DocumentHelper.m */,
				5C799A121690133B004C6407 /* CoreDataTableViewController.h */,
				5C799A131690133B004C6407 /* CoreDataTableViewController.m */,
				5CCDFE5F16212A2800FFE77D /* QuickPlanerAppDelegate.h */,
				5CCDFE6016212A2800FFE77D /* QuickPlanerAppDelegate.m */,
				5CCDFE5816212A2700FFE77D /* QuickPlaner-Info.plist */,
				5CCDFE5916212A2800FFE77D /* InfoPlist.strings */,
				5CCDFE5C16212A2800FFE77D /* main.m */,
				5CCDFE5E16212A2800FFE77D /* QuickPlaner-Prefix.pch */,
			);
			name = "Supporting Files";
			sourceTree = "<group>";
		};
		5CCDFE7D16212A2800FFE77D /* QuickPlanerTests */ = {
			isa = PBXGroup;
			children = (
				5CCDFE8316212A2800FFE77D /* QuickPlanerTests.h */,
				5CCDFE8416212A2800FFE77D /* QuickPlanerTests.m */,
				5CCDFE7E16212A2800FFE77D /* Supporting Files */,
			);
			path = QuickPlanerTests;
			sourceTree = "<group>";
		};
		5CCDFE7E16212A2800FFE77D /* Supporting Files */ = {
			isa = PBXGroup;
			children = (
				5CCDFE7F16212A2800FFE77D /* QuickPlanerTests-Info.plist */,
				5CCDFE8016212A2800FFE77D /* InfoPlist.strings */,
			);
			name = "Supporting Files";
			sourceTree = "<group>";
		};
/* End PBXGroup section */

/* Begin PBXNativeTarget section */
		5CCDFE4B16212A2700FFE77D /* QuickPlaner */ = {
			isa = PBXNativeTarget;
			buildConfigurationList = 5CCDFE8816212A2800FFE77D /* Build configuration list for PBXNativeTarget "QuickPlaner" */;
			buildPhases = (
				5CCDFE4816212A2700FFE77D /* Sources */,
				5CCDFE4916212A2700FFE77D /* Frameworks */,
				5CCDFE4A16212A2700FFE77D /* Resources */,
			);
			buildRules = (
			);
			dependencies = (
			);
			name = QuickPlaner;
			productName = QuickPlaner;
			productReference = 5CCDFE4C16212A2700FFE77D /* QuickTracker.app */;
			productType = "com.apple.product-type.application";
		};
		5CCDFE7516212A2800FFE77D /* QuickPlanerTests */ = {
			isa = PBXNativeTarget;
			buildConfigurationList = 5CCDFE8B16212A2800FFE77D /* Build configuration list for PBXNativeTarget "QuickPlanerTests" */;
			buildPhases = (
				5CCDFE7116212A2800FFE77D /* Sources */,
				5CCDFE7216212A2800FFE77D /* Frameworks */,
				5CCDFE7316212A2800FFE77D /* Resources */,
				5CCDFE7416212A2800FFE77D /* ShellScript */,
			);
			buildRules = (
			);
			dependencies = (
				5CCDFE7C16212A2800FFE77D /* PBXTargetDependency */,
			);
			name = QuickPlanerTests;
			productName = QuickPlanerTests;
			productReference = 5CCDFE7616212A2800FFE77D /* QuickPlanerTests.octest */;
			productType = "com.apple.product-type.bundle";
		};
/* End PBXNativeTarget section */

/* Begin PBXProject section */
		5CCDFE4316212A2700FFE77D /* Project object */ = {
			isa = PBXProject;
			attributes = {
				CLASSPREFIX = QuickPlaner;
				LastUpgradeCheck = 0450;
				ORGANIZATIONNAME = "Zixiao Wang";
			};
			buildConfigurationList = 5CCDFE4616212A2700FFE77D /* Build configuration list for PBXProject "QuickPlaner" */;
			compatibilityVersion = "Xcode 3.2";
			developmentRegion = English;
			hasScannedForEncodings = 0;
			knownRegions = (
				en,
				"zh-Hans",
			);
			mainGroup = 5CCDFE4116212A2700FFE77D;
			productRefGroup = 5CCDFE4D16212A2700FFE77D /* Products */;
			projectDirPath = "";
			projectRoot = "";
			targets = (
				5CCDFE4B16212A2700FFE77D /* QuickPlaner */,
				5CCDFE7516212A2800FFE77D /* QuickPlanerTests */,
			);
		};
/* End PBXProject section */

/* Begin PBXResourcesBuildPhase section */
		5CCDFE4A16212A2700FFE77D /* Resources */ = {
			isa = PBXResourcesBuildPhase;
			buildActionMask = 2147483647;
			files = (
				5CCDFE5B16212A2800FFE77D /* InfoPlist.strings in Resources */,
				5CCDFE6A16212A2800FFE77D /* MainStoryboard_iPhone.storyboard in Resources */,
				5CCDFE6D16212A2800FFE77D /* MainStoryboard_iPad.storyboard in Resources */,
				5C799A3F16905ABE004C6407 /* digit_button.png in Resources */,
				5C799A4116905ABE004C6407 /* digit_button@2x.png in Resources */,
				5C799A4516905C69004C6407 /* enter_button.png in Resources */,
				5C799A4716905C69004C6407 /* enter_button@2x.png in Resources */,
				5C572A741691303D006D1A17 /* logo@2x.png in Resources */,
				5C572A7716913043006D1A17 /* logo.png in Resources */,
				5C572A7B16913259006D1A17 /* Default.png in Resources */,
				5C572A7C16913259006D1A17 /* Default-568h@2x.png in Resources */,
				5C572A7D16913259006D1A17 /* Default@2x.png in Resources */,
			);
			runOnlyForDeploymentPostprocessing = 0;
		};
		5CCDFE7316212A2800FFE77D /* Resources */ = {
			isa = PBXResourcesBuildPhase;
			buildActionMask = 2147483647;
			files = (
				5CCDFE8216212A2800FFE77D /* InfoPlist.strings in Resources */,
				5C799A4016905ABE004C6407 /* digit_button.png in Resources */,
				5C799A4216905ABE004C6407 /* digit_button@2x.png in Resources */,
				5C799A4616905C69004C6407 /* enter_button.png in Resources */,
				5C799A4816905C69004C6407 /* enter_button@2x.png in Resources */,
			);
			runOnlyForDeploymentPostprocessing = 0;
		};
/* End PBXResourcesBuildPhase section */

/* Begin PBXShellScriptBuildPhase section */
		5CCDFE7416212A2800FFE77D /* ShellScript */ = {
			isa = PBXShellScriptBuildPhase;
			buildActionMask = 2147483647;
			files = (
			);
			inputPaths = (
			);
			outputPaths = (
			);
			runOnlyForDeploymentPostprocessing = 0;
			shellPath = /bin/sh;
			shellScript = "# Run the unit tests in this test bundle.\n\"${SYSTEM_DEVELOPER_DIR}/Tools/RunUnitTests\"\n";
		};
/* End PBXShellScriptBuildPhase section */

/* Begin PBXSourcesBuildPhase section */
		5CCDFE4816212A2700FFE77D /* Sources */ = {
			isa = PBXSourcesBuildPhase;
			buildActionMask = 2147483647;
			files = (
				5CCDFE5D16212A2800FFE77D /* main.m in Sources */,
				5CCDFE6116212A2800FFE77D /* QuickPlanerAppDelegate.m in Sources */,
				5CE1D43116212B5900BE14BE /* QPViewController.m in Sources */,
				5C11881D168A97280016AF81 /* DocumentHelper.m in Sources */,
				5C11882A168A97B80016AF81 /* MBPModel.xcdatamodel in Sources */,
				5C118830168A97B80016AF81 /* Saving+Budget.m in Sources */,
				5C118832168A97B80016AF81 /* Spending+Budget.m in Sources */,
				5C68B27B168AB04900BA661A /* QPHistoryTableViewController.m in Sources */,
				5C799A141690133B004C6407 /* CoreDataTableViewController.m in Sources */,
				5C799A18169013AB004C6407 /* QPSavingTableViewController.m in Sources */,
				5C799A1C169013CE004C6407 /* QPSpendingTableViewController.m in Sources */,
				5C799A2816903236004C6407 /* Saving.m in Sources */,
				5C799A2C16903236004C6407 /* Spending.m in Sources */,
				5CEA599016A88B2800E732D2 /* QPSavingDetailTableViewController.m in Sources */,
				5C7BBB1D16B3366500A5F106 /* QPSpendingDetailTableViewController.m in Sources */,
			);
			runOnlyForDeploymentPostprocessing = 0;
		};
		5CCDFE7116212A2800FFE77D /* Sources */ = {
			isa = PBXSourcesBuildPhase;
			buildActionMask = 2147483647;
			files = (
				5CCDFE8516212A2800FFE77D /* QuickPlanerTests.m in Sources */,
				5C11881E168A97280016AF81 /* DocumentHelper.m in Sources */,
				5C11882B168A97B80016AF81 /* MBPModel.xcdatamodel in Sources */,
				5C118831168A97B80016AF81 /* Saving+Budget.m in Sources */,
				5C118833168A97B80016AF81 /* Spending+Budget.m in Sources */,
				5C68B27C168AB04900BA661A /* QPHistoryTableViewController.m in Sources */,
				5C799A151690133B004C6407 /* CoreDataTableViewController.m in Sources */,
				5C799A19169013AB004C6407 /* QPSavingTableViewController.m in Sources */,
				5C799A1D169013CE004C6407 /* QPSpendingTableViewController.m in Sources */,
				5C799A2916903236004C6407 /* Saving.m in Sources */,
				5C799A2D16903236004C6407 /* Spending.m in Sources */,
				5C7BBB1E16B3366500A5F106 /* QPSpendingDetailTableViewController.m in Sources */,
			);
			runOnlyForDeploymentPostprocessing = 0;
		};
/* End PBXSourcesBuildPhase section */

/* Begin PBXTargetDependency section */
		5CCDFE7C16212A2800FFE77D /* PBXTargetDependency */ = {
			isa = PBXTargetDependency;
			target = 5CCDFE4B16212A2700FFE77D /* QuickPlaner */;
			targetProxy = 5CCDFE7B16212A2800FFE77D /* PBXContainerItemProxy */;
		};
/* End PBXTargetDependency section */

/* Begin PBXVariantGroup section */
		5CCDFE5916212A2800FFE77D /* InfoPlist.strings */ = {
			isa = PBXVariantGroup;
			children = (
				5CCDFE5A16212A2800FFE77D /* en */,
				5C0CAE3E169562B400FA8FB7 /* zh-Hans */,
			);
			name = InfoPlist.strings;
			sourceTree = "<group>";
		};
		5CCDFE6816212A2800FFE77D /* MainStoryboard_iPhone.storyboard */ = {
			isa = PBXVariantGroup;
			children = (
				5CCDFE6916212A2800FFE77D /* en */,
				5C0CAE3C169562B400FA8FB7 /* zh-Hans */,
			);
			name = MainStoryboard_iPhone.storyboard;
			sourceTree = "<group>";
		};
		5CCDFE6B16212A2800FFE77D /* MainStoryboard_iPad.storyboard */ = {
			isa = PBXVariantGroup;
			children = (
				5CCDFE6C16212A2800FFE77D /* en */,
				5C0CAE3D169562B400FA8FB7 /* zh-Hans */,
			);
			name = MainStoryboard_iPad.storyboard;
			sourceTree = "<group>";
		};
		5CCDFE8016212A2800FFE77D /* InfoPlist.strings */ = {
			isa = PBXVariantGroup;
			children = (
				5CCDFE8116212A2800FFE77D /* en */,
				5C0CAE3F169562B400FA8FB7 /* zh-Hans */,
			);
			name = InfoPlist.strings;
			sourceTree = "<group>";
		};
/* End PBXVariantGroup section */

/* Begin XCBuildConfiguration section */
		5C4A98271696BA7F00E25F3B /* AppStore */ = {
			isa = XCBuildConfiguration;
			buildSettings = {
				ALWAYS_SEARCH_USER_PATHS = NO;
				CLANG_CXX_LANGUAGE_STANDARD = "gnu++0x";
				CLANG_CXX_LIBRARY = "libc++";
				CLANG_ENABLE_OBJC_ARC = YES;
				CLANG_WARN_EMPTY_BODY = YES;
				CLANG_WARN__DUPLICATE_METHOD_MATCH = YES;
				CODE_SIGN_IDENTITY = "iPhone Distribution: Zixiao Wang";
				"CODE_SIGN_IDENTITY[sdk=iphoneos*]" = "iPhone Developer";
				COPY_PHASE_STRIP = YES;
				GCC_C_LANGUAGE_STANDARD = gnu99;
				GCC_WARN_ABOUT_RETURN_TYPE = YES;
				GCC_WARN_UNINITIALIZED_AUTOS = YES;
				GCC_WARN_UNUSED_VARIABLE = YES;
				IPHONEOS_DEPLOYMENT_TARGET = 6.0;
				OTHER_CFLAGS = "-DNS_BLOCK_ASSERTIONS=1";
				PRODUCT_NAME = QuickPlanner;
				PROVISIONING_PROFILE = "DD9B4A0F-7525-4686-92C7-56D45276BB19";
				SDKROOT = iphoneos;
				TARGETED_DEVICE_FAMILY = "1,2";
				VALIDATE_PRODUCT = NO;
			};
			name = AppStore;
		};
		5C4A98281696BA7F00E25F3B /* AppStore */ = {
			isa = XCBuildConfiguration;
			buildSettings = {
				GCC_PRECOMPILE_PREFIX_HEADER = YES;
				GCC_PREFIX_HEADER = "QuickPlaner/QuickPlaner-Prefix.pch";
				INFOPLIST_FILE = "QuickPlaner/QuickPlaner-Info.plist";
				IPHONEOS_DEPLOYMENT_TARGET = 6.0;
				PRODUCT_NAME = QuickTracker;
				TARGETED_DEVICE_FAMILY = 1;
				WRAPPER_EXTENSION = app;
			};
			name = AppStore;
		};
		5C4A98291696BA7F00E25F3B /* AppStore */ = {
			isa = XCBuildConfiguration;
			buildSettings = {
				BUNDLE_LOADER = "$(BUILT_PRODUCTS_DIR)/QuickPlaner.app/QuickPlaner";
				FRAMEWORK_SEARCH_PATHS = (
					"\"$(SDKROOT)/Developer/Library/Frameworks\"",
					"\"$(DEVELOPER_LIBRARY_DIR)/Frameworks\"",
				);
				GCC_PRECOMPILE_PREFIX_HEADER = YES;
				GCC_PREFIX_HEADER = "QuickPlaner/QuickPlaner-Prefix.pch";
				INFOPLIST_FILE = "QuickPlanerTests/QuickPlanerTests-Info.plist";
				PRODUCT_NAME = "$(TARGET_NAME)";
				TEST_HOST = "$(BUNDLE_LOADER)";
				WRAPPER_EXTENSION = octest;
			};
			name = AppStore;
		};
		5CCDFE8616212A2800FFE77D /* Debug */ = {
			isa = XCBuildConfiguration;
			buildSettings = {
				ALWAYS_SEARCH_USER_PATHS = NO;
				CLANG_CXX_LANGUAGE_STANDARD = "gnu++0x";
				CLANG_CXX_LIBRARY = "libc++";
				CLANG_ENABLE_OBJC_ARC = YES;
				CLANG_WARN_EMPTY_BODY = YES;
				CLANG_WARN__DUPLICATE_METHOD_MATCH = YES;
				"CODE_SIGN_IDENTITY[sdk=iphoneos*]" = "iPhone Developer";
				COPY_PHASE_STRIP = NO;
				GCC_C_LANGUAGE_STANDARD = gnu99;
				GCC_DYNAMIC_NO_PIC = NO;
				GCC_OPTIMIZATION_LEVEL = 0;
				GCC_PREPROCESSOR_DEFINITIONS = (
					"DEBUG=1",
					"$(inherited)",
				);
				GCC_SYMBOLS_PRIVATE_EXTERN = NO;
				GCC_WARN_ABOUT_RETURN_TYPE = YES;
				GCC_WARN_UNINITIALIZED_AUTOS = YES;
				GCC_WARN_UNUSED_VARIABLE = YES;
				IPHONEOS_DEPLOYMENT_TARGET = 6.0;
				PRODUCT_NAME = QuickPlanner;
				SDKROOT = iphoneos;
				TARGETED_DEVICE_FAMILY = "1,2";
			};
			name = Debug;
		};
		5CCDFE8716212A2800FFE77D /* Release */ = {
			isa = XCBuildConfiguration;
			buildSettings = {
				ALWAYS_SEARCH_USER_PATHS = NO;
				CLANG_CXX_LANGUAGE_STANDARD = "gnu++0x";
				CLANG_CXX_LIBRARY = "libc++";
				CLANG_ENABLE_OBJC_ARC = YES;
				CLANG_WARN_EMPTY_BODY = YES;
				CLANG_WARN__DUPLICATE_METHOD_MATCH = YES;
				CODE_SIGN_IDENTITY = "";
				"CODE_SIGN_IDENTITY[sdk=iphoneos*]" = "iPhone Developer";
				COPY_PHASE_STRIP = YES;
				GCC_C_LANGUAGE_STANDARD = gnu99;
				GCC_WARN_ABOUT_RETURN_TYPE = YES;
				GCC_WARN_UNINITIALIZED_AUTOS = YES;
				GCC_WARN_UNUSED_VARIABLE = YES;
				IPHONEOS_DEPLOYMENT_TARGET = 6.0;
				OTHER_CFLAGS = "-DNS_BLOCK_ASSERTIONS=1";
				PRODUCT_NAME = QuickPlanner;
				"PROVISIONING_PROFILE[sdk=iphoneos*]" = "";
				SDKROOT = iphoneos;
				TARGETED_DEVICE_FAMILY = "1,2";
				VALIDATE_PRODUCT = YES;
			};
			name = Release;
		};
		5CCDFE8916212A2800FFE77D /* Debug */ = {
			isa = XCBuildConfiguration;
			buildSettings = {
				GCC_PRECOMPILE_PREFIX_HEADER = YES;
				GCC_PREFIX_HEADER = "QuickPlaner/QuickPlaner-Prefix.pch";
				INFOPLIST_FILE = "QuickPlaner/QuickPlaner-Info.plist";
				IPHONEOS_DEPLOYMENT_TARGET = 6.0;
				PRODUCT_NAME = QuickTracker;
				TARGETED_DEVICE_FAMILY = 1;
				WRAPPER_EXTENSION = app;
			};
			name = Debug;
		};
		5CCDFE8A16212A2800FFE77D /* Release */ = {
			isa = XCBuildConfiguration;
			buildSettings = {
				GCC_PRECOMPILE_PREFIX_HEADER = YES;
				GCC_PREFIX_HEADER = "QuickPlaner/QuickPlaner-Prefix.pch";
				INFOPLIST_FILE = "QuickPlaner/QuickPlaner-Info.plist";
				IPHONEOS_DEPLOYMENT_TARGET = 6.0;
				PRODUCT_NAME = QuickTracker;
				TARGETED_DEVICE_FAMILY = 1;
				WRAPPER_EXTENSION = app;
			};
			name = Release;
		};
		5CCDFE8C16212A2800FFE77D /* Debug */ = {
			isa = XCBuildConfiguration;
			buildSettings = {
				BUNDLE_LOADER = "$(BUILT_PRODUCTS_DIR)/QuickPlaner.app/QuickPlaner";
				FRAMEWORK_SEARCH_PATHS = (
					"\"$(SDKROOT)/Developer/Library/Frameworks\"",
					"\"$(DEVELOPER_LIBRARY_DIR)/Frameworks\"",
				);
				GCC_PRECOMPILE_PREFIX_HEADER = YES;
				GCC_PREFIX_HEADER = "QuickPlaner/QuickPlaner-Prefix.pch";
				INFOPLIST_FILE = "QuickPlanerTests/QuickPlanerTests-Info.plist";
				PRODUCT_NAME = "$(TARGET_NAME)";
				TEST_HOST = "$(BUNDLE_LOADER)";
				WRAPPER_EXTENSION = octest;
			};
			name = Debug;
		};
		5CCDFE8D16212A2800FFE77D /* Release */ = {
			isa = XCBuildConfiguration;
			buildSettings = {
				BUNDLE_LOADER = "$(BUILT_PRODUCTS_DIR)/QuickPlaner.app/QuickPlaner";
				FRAMEWORK_SEARCH_PATHS = (
					"\"$(SDKROOT)/Developer/Library/Frameworks\"",
					"\"$(DEVELOPER_LIBRARY_DIR)/Frameworks\"",
				);
				GCC_PRECOMPILE_PREFIX_HEADER = YES;
				GCC_PREFIX_HEADER = "QuickPlaner/QuickPlaner-Prefix.pch";
				INFOPLIST_FILE = "QuickPlanerTests/QuickPlanerTests-Info.plist";
				PRODUCT_NAME = "$(TARGET_NAME)";
				TEST_HOST = "$(BUNDLE_LOADER)";
				WRAPPER_EXTENSION = octest;
			};
			name = Release;
		};
/* End XCBuildConfiguration section */

/* Begin XCConfigurationList section */
		5CCDFE4616212A2700FFE77D /* Build configuration list for PBXProject "QuickPlaner" */ = {
			isa = XCConfigurationList;
			buildConfigurations = (
				5CCDFE8616212A2800FFE77D /* Debug */,
				5CCDFE8716212A2800FFE77D /* Release */,
				5C4A98271696BA7F00E25F3B /* AppStore */,
			);
			defaultConfigurationIsVisible = 0;
			defaultConfigurationName = Release;
		};
		5CCDFE8816212A2800FFE77D /* Build configuration list for PBXNativeTarget "QuickPlaner" */ = {
			isa = XCConfigurationList;
			buildConfigurations = (
				5CCDFE8916212A2800FFE77D /* Debug */,
				5CCDFE8A16212A2800FFE77D /* Release */,
				5C4A98281696BA7F00E25F3B /* AppStore */,
			);
			defaultConfigurationIsVisible = 0;
			defaultConfigurationName = Release;
		};
		5CCDFE8B16212A2800FFE77D /* Build configuration list for PBXNativeTarget "QuickPlanerTests" */ = {
			isa = XCConfigurationList;
			buildConfigurations = (
				5CCDFE8C16212A2800FFE77D /* Debug */,
				5CCDFE8D16212A2800FFE77D /* Release */,
				5C4A98291696BA7F00E25F3B /* AppStore */,
			);
			defaultConfigurationIsVisible = 0;
			defaultConfigurationName = Release;
		};
/* End XCConfigurationList section */
	};
	rootObject = 5CCDFE4316212A2700FFE77D /* Project object */;
}
